<?xml version="1.0" encoding="utf-8"?>
<Project ToolsVersion="4.0" xmlns="http://schemas.microsoft.com/developer/msbuild/2003">
  <ItemGroup>
    <Filter Include="Source Files">
      <UniqueIdentifier>{4FC737F1-C7A5-4376-A066-2A32D752A2FF}</UniqueIdentifier>
      <Extensions>cpp;c;cc;cxx;c++;cppm;ixx;def;odl;idl;hpj;bat;asm;asmx</Extensions>
    </Filter>
    <Filter Include="Header Files">
      <UniqueIdentifier>{93995380-89BD-4b04-88EB-625FBE52EBFB}</UniqueIdentifier>
      <Extensions>h;hh;hpp;hxx;h++;hm;inl;inc;ipp;xsd</Extensions>
    </Filter>
    <Filter Include="Resource Files">
      <UniqueIdentifier>{67DA6AB6-F800-4c08-8B7A-83BB121AAD01}</UniqueIdentifier>
      <Extensions>rc;ico;cur;bmp;dlg;rc2;rct;bin;rgs;gif;jpg;jpeg;jpe;resx;tiff;tif;png;wav;mfcribbon-ms</Extensions>
    </Filter>
  </ItemGroup>
  <ItemGroup>
    <ClCompile Include="source\backend\window\Window.cpp">
      <Filter>Source Files</Filter>
    </ClCompile>
    <ClCompile Include="source\backend\vulkanAPI\Device.cpp">
      <Filter>Source Files</Filter>
    </ClCompile>
    <ClCompile Include="source\backend\vulkanAPI\renderBack\defaultRender\RenderBackend.cpp">
      <Filter>Source Files</Filter>
    </ClCompile>
    <ClCompile Include="source\backend\vulkanAPI\SwapChain.cpp">
      <Filter>Source Files</Filter>
    </ClCompile>
    <ClCompile Include="source\backend\utils\Utils.cpp">
      <Filter>Source Files</Filter>
    </ClCompile>
    <ClCompile Include="source\backend\vulkanAPI\Pipeline.cpp">
      <Filter>Source Files</Filter>
    </ClCompile>
    <ClCompile Include="source\backend\vulkanAPI\ShaderObject.cpp">
      <Filter>Source Files</Filter>
    </ClCompile>
    <ClCompile Include="source\backend\vulkanAPI\Buffer.cpp">
      <Filter>Source Files</Filter>
    </ClCompile>
    <ClCompile Include="source\SourceGraphics\WindowHandle.cpp">
      <Filter>Source Files</Filter>
    </ClCompile>
    <ClCompile Include="source\math\MatrixMath.cpp">
      <Filter>Source Files</Filter>
    </ClCompile>
    <ClCompile Include="source\math\VectorMath.cpp">
      <Filter>Source Files</Filter>
    </ClCompile>
    <ClCompile Include="source\backend\vulkanAPI\renderBack\batchRender\BatchRender.cpp">
      <Filter>Source Files</Filter>
    </ClCompile>
    <ClCompile Include="source\backend\vulkanAPI\CommandBuffer.cpp">
      <Filter>Source Files</Filter>
    </ClCompile>
    <ClCompile Include="source\backend\vulkanAPI\Image.cpp">
      <Filter>Source Files</Filter>
    </ClCompile>
    <ClCompile Include="source\backend\vulkanAPI\Descriptor.cpp">
      <Filter>Source Files</Filter>
    </ClCompile>
    <ClCompile Include="source\SourceGraphics\Texture.cpp">
      <Filter>Source Files</Filter>
    </ClCompile>
    <ClCompile Include="source\SourceGraphics\Sprite.cpp">
      <Filter>Source Files</Filter>
    </ClCompile>
    <ClCompile Include="source\SourceSystem\Keyboard.cpp">
      <Filter>Source Files</Filter>
    </ClCompile>
  </ItemGroup>
  <ItemGroup>
    <ClInclude Include="source\backend\window\Window.h">
      <Filter>Header Files</Filter>
    </ClInclude>
    <ClInclude Include="include\CelestiaWorks\System\CelestiaTypes.h">
      <Filter>Header Files</Filter>
    </ClInclude>
    <ClInclude Include="source\backend\vulkanAPI\Device.h">
      <Filter>Header Files</Filter>
    </ClInclude>
    <ClInclude Include="source\backend\vulkanAPI\renderBack\defaultRender\RenderBackend.h">
      <Filter>Header Files</Filter>
    </ClInclude>
    <ClInclude Include="source\backend\vulkanAPI\SwapChain.h">
      <Filter>Header Files</Filter>
    </ClInclude>
    <ClInclude Include="source\backend\vulkanAPI\Pipeline.h">
      <Filter>Header Files</Filter>
    </ClInclude>
    <ClInclude Include="source\backend\utils\Utils.h">
      <Filter>Header Files</Filter>
    </ClInclude>
    <ClInclude Include="source\backend\vulkanAPI\ShaderObject.h">
      <Filter>Header Files</Filter>
    </ClInclude>
    <ClInclude Include="source\backend\vulkanAPI\CelestiaVulkanTypes.h">
      <Filter>Header Files</Filter>
    </ClInclude>
    <ClInclude Include="source\backend\vulkanAPI\Buffer.h">
      <Filter>Header Files</Filter>
    </ClInclude>
    <ClInclude Include="include\CelestiaWorks\Graphics\WindowHandle.h">
      <Filter>Header Files</Filter>
    </ClInclude>
    <ClInclude Include="include\CelestiaWorks\System\Matrix.h">
      <Filter>Header Files</Filter>
    </ClInclude>
    <ClInclude Include="include\CelestiaWorks\System\Vector.h">
      <Filter>Header Files</Filter>
    </ClInclude>
    <ClInclude Include="source\math\MatrixMath.h">
      <Filter>Header Files</Filter>
    </ClInclude>
    <ClInclude Include="source\math\VectorMath.h">
      <Filter>Header Files</Filter>
    </ClInclude>
    <ClInclude Include="source\backend\vulkanAPI\renderBack\batchRender\BatchRender.h">
      <Filter>Header Files</Filter>
    </ClInclude>
    <ClInclude Include="source\backend\vulkanAPI\Image.h">
      <Filter>Header Files</Filter>
    </ClInclude>
    <ClInclude Include="source\backend\vulkanAPI\CommandBuffer.h">
      <Filter>Header Files</Filter>
    </ClInclude>
    <ClInclude Include="source\backend\vulkanAPI\Descriptor.h">
      <Filter>Header Files</Filter>
    </ClInclude>
    <ClInclude Include="include\CelestiaWorks\Graphics\Texture.h">
      <Filter>Header Files</Filter>
    </ClInclude>
    <ClInclude Include="include\CelestiaWorks\Graphics\Sprite.h">
      <Filter>Header Files</Filter>
    </ClInclude>
    <ClInclude Include="source\backend\vulkanAPI\config\VulkanConfig.h">
      <Filter>Header Files</Filter>
    </ClInclude>
    <ClInclude Include="include\CelestiaWorks\System\Keyboard.h">
      <Filter>Header Files</Filter>
    </ClInclude>
  </ItemGroup>
  <ItemGroup>
    <None Include="shaders\temp.vert" />
    <None Include="shaders\temp.frag" />
  </ItemGroup>
</Project>